github.com/creack/pty v1.1.9/go.mod h1:oKZEueFk5CKHvIhNR5MUki03XCEU+Q6VDXinZuGJ33E=
github.com/davecgh/go-spew v1.1.0/go.mod h1:J7Y8YcW2NihsgmVo/mv3lAwl/skON4iLHjSsI+c5H38=
github.com/davecgh/go-spew v1.1.1 h1:vj9j/u1bqnvCEfJOwUhtlOARqs3+rkHYY13jYWTU97c=
github.com/davecgh/go-spew v1.1.1/go.mod h1:J7Y8YcW2NihsgmVo/mv3lAwl/skON4iLHjSsI+c5H38=
github.com/dolthub/maphash v0.1.0 h1:bsQ7JsF4FkkWyrP3oCnFJgrCUAFbFf3kOl4L/QxPDyQ=
github.com/dolthub/maphash v0.1.0/go.mod h1:gkg4Ch4CdCDu5h6PMriVLawB7koZ+5ijb9puGMV50a4=
github.com/gdygd/goshm v0.0.0-20240401061945-0c37527371fb h1:KkKkiybI0A5ZLSA6dIEVZ4qgOQbjIMPdW2V8BbVCQWA=
github.com/gdygd/goshm v0.0.0-20240401061945-0c37527371fb/go.mod h1:i5djjvkXC4r09HhdF+OUYlIncIVGCCoNGgc71KZrsBs=
github.com/go-co-op/gocron v1.37.0 h1:ZYDJGtQ4OMhTLKOKMIch+/CY70Brbb1dGdooLEhh7b0=
github.com/go-co-op/gocron v1.37.0/go.mod h1:3L/n6BkO7ABj+TrfSVXLRzsP26zmikL4ISkLQ0O8iNY=
github.com/google/uuid v1.4.0/go.mod h1:TIyPZe4MgqvfeYDBFedMoGGpEw/LqOeaOT+nhxU+yHo=
github.com/google/uuid v1.6.0 h1:NIvaJDMOsjHA8n1jAhLSgzrAzy1Hgr+hNrb57e+94F0=
github.com/google/uuid v1.6.0/go.mod h1:TIyPZe4MgqvfeYDBFedMoGGpEw/LqOeaOT+nhxU+yHo=
github.com/jonboulle/clockwork v0.4.0 h1:p4Cf1aMWXnXAUh8lVfewRBx1zaTSYKrKMF2g3ST4RZ4=
github.com/jonboulle/clockwork v0.4.0/go.mod h1:xgRqUGwRcjKCO1vbZUEtSLrqKoPSsUpK7fnezOII0kc=
github.com/klauspost/compress v1.17.5 h1:d4vBd+7CHydUqpFBgUEKkSdtSugf9YFmSkvUYPquI5E=
github.com/klauspost/compress v1.17.5/go.mod h1:/dCuZOvVtNoHsyb+cuJD3itjs3NbnF6KH9zAO4BDxPM=
github.com/kr/pretty v0.1.0/go.mod h1:dAy3ld7l9f0ibDNOQOHHMYYIIbhfbHSm3C4ZsoJORNo=
github.com/kr/pretty v0.2.1/go.mod h1:ipq/a2n7PKx3OHsz4KJII5eveXtPO4qwEXGdVfWzfnI=
github.com/kr/pretty v0.3.0/go.mod h1:640gp4NfQd8pI5XOwp5fnNeVWj67G7CFk/SaSQn7NBk=
github.com/kr/pty v1.1.1/go.mod h1:pFQYn66WHrOpPYNljwOMqo10TkYh1fy3cYio2l3bCsQ=
github.com/kr/text v0.1.0/go.mod h1:4Jbv+DJW3UT/LiOwJeYQe1efqtUx/iVham/4vfdArNI=
github.com/kr/text v0.2.0/go.mod h1:eLer722TekiGuMkidMxC/pM04lWEeraHUUmBw8l2grE=
github.com/lestrrat-go/envload v0.0.0-20180220234015-a3eb8ddeffcc h1:RKf14vYWi2ttpEmkA4aQ3j4u9dStX2t4M8UM6qqNsG8=
github.com/lestrrat-go/envload v0.0.0-20180220234015-a3eb8ddeffcc/go.mod h1:kopuH9ugFRkIXf3YoqHKyrJ9YfUFsckUU9S7B+XP+is=
github.com/lestrrat-go/file-rotatelogs v2.4.0+incompatible h1:Y6sqxHMyB1D2YSzWkLibYKgg+SwmyFU9dF2hn6MdTj4=
github.com/lestrrat-go/file-rotatelogs v2.4.0+incompatible/go.mod h1:ZQnN8lSECaebrkQytbHj4xNgtg8CR7RYXnPok8e0EHA=
github.com/lestrrat-go/strftime v1.1.0 h1:gMESpZy44/4pXLO/m+sL0yBd1W6LjgjrrD4a68Gapyg=
github.com/lestrrat-go/strftime v1.1.0/go.mod h1:uzeIB52CeUJenCo1syghlugshMysrqUT51HlxphXVeI=
github.com/lianyun0502/exchange_conn v0.0.0-20240830021607-291f7eb628b9 h1:lBcsSAnJzaApy3IfLM0ewz2rjt+OG+VD7WLC3jYPmW8=
github.com/lianyun0502/exchange_conn v0.0.0-20240830021607-291f7eb628b9/go.mod h1:fOl0i5niW9OYGQVO1PKqFoDifXMZbeF0uzt1L4Zhg2U=
github.com/lianyun0502/exchange_conn v0.0.0-20240902023958-103f01034a9b h1:gINcyEmn2CkJdacDQid2hek7J8mVFX1Ru23JL3KewM4=
github.com/lianyun0502/exchange_conn v0.0.0-20240902023958-103f01034a9b/go.mod h1:fOl0i5niW9OYGQVO1PKqFoDifXMZbeF0uzt1L4Zhg2U=
github.com/lianyun0502/exchange_conn v0.0.0-20240902030824-ccdea08fd87d h1:MXgTiKAW8rH+B6drLGZm1voZi4L+1Jp/swpDKSRZyZo=
github.com/lianyun0502/exchange_conn v0.0.0-20240902030824-ccdea08fd87d/go.mod h1:fOl0i5niW9OYGQVO1PKqFoDifXMZbeF0uzt1L4Zhg2U=
github.com/lianyun0502/exchange_conn v0.0.0-20240902031050-4a58525822ca h1:0oHcTKXMt+4JLZNkFbdUe94Rg05WZZGDQKTOZ8cgEX0=
github.com/lianyun0502/exchange_conn v0.0.0-20240902031050-4a58525822ca/go.mod h1:fOl0i5niW9OYGQVO1PKqFoDifXMZbeF0uzt1L4Zhg2U=
github.com/lianyun0502/exchange_conn v0.0.0-20240902033235-817523ede549 h1:SE0L95qfmTRO5C2mmU0BYwzEbEIa9p2a31Qw52TPpHY=
github.com/lianyun0502/exchange_conn v0.0.0-20240902033235-817523ede549/go.mod h1:fOl0i5niW9OYGQVO1PKqFoDifXMZbeF0uzt1L4Zhg2U=
github.com/lianyun0502/exchange_conn v0.0.0-20240902035918-16a27929a8df h1:BnrieY1ZW+nCH/U4Oz/u1+1ISwJ5wMk3/Sj2cQtjP8Y=
github.com/lianyun0502/exchange_conn v0.0.0-20240902035918-16a27929a8df/go.mod h1:fOl0i5niW9OYGQVO1PKqFoDifXMZbeF0uzt1L4Zhg2U=
github.com/lianyun0502/shm v0.0.0-20240822013853-85eb2a903aea h1:zJ77FRCmjsjp7qnqYjxh4x+0Wlt+pG3jB1CcNL+L+NY=
github.com/lianyun0502/shm v0.0.0-20240822013853-85eb2a903aea/go.mod h1:6ByiyUx/u01vXm8GJoeYCCa8ip/KiNfeqH8kD9TWPKw=
github.com/lianyun0502/shm v0.0.0-20240902075118-51d30f9bbe33 h1:j+u4MXL4Pws4TnS7EVdh0s9m0ipuv+LPaqos7Qm5XVg=
github.com/lianyun0502/shm v0.0.0-20240902075118-51d30f9bbe33/go.mod h1:1j4WFtL9FCaXWxYZlGu8CW4aYNtIA0RcXGKHGw6JUiA=
github.com/lianyun0502/shm v0.0.0-20240903061653-83d60892953f h1:pwu16qsHLl6nR+cbpaBevqrqKkZlaeIFbD+0rULzEWQ=
github.com/lianyun0502/shm v0.0.0-20240903061653-83d60892953f/go.mod h1:1j4WFtL9FCaXWxYZlGu8CW4aYNtIA0RcXGKHGw6JUiA=
github.com/lianyun0502/shm v0.0.0-20240903063707-8c239421a85d h1:J/l0TPQUxxHGtyjGMRwGWdsnE4TqshcPOW7ii8mK0AY=
github.com/lianyun0502/shm v0.0.0-20240903063707-8c239421a85d/go.mod h1:1j4WFtL9FCaXWxYZlGu8CW4aYNtIA0RcXGKHGw6JUiA=
github.com/lianyun0502/shm v0.0.0-20240911032259-ca6f969daa8a h1:sqtjCRPSGPHWppmPY+3+TkuQt6sifbI8mcTSK5oo1IE=
github.com/lianyun0502/shm v0.0.0-20240911032259-ca6f969daa8a/go.mod h1:ouZ6hCLSe6P3mNZZItgxu8PWtbA8Bq/Zjr1l8o4W38k=
github.com/lianyun0502/shm v0.0.0-20240911033429-217bd9c902df h1:iPrnIQN+ZfNSfU93j6eUudPre5d2qjpn3Q1YIypEuaA=
github.com/lianyun0502/shm v0.0.0-20240911033429-217bd9c902df/go.mod h1:ouZ6hCLSe6P3mNZZItgxu8PWtbA8Bq/Zjr1l8o4W38k=
github.com/lianyun0502/shm v0.0.0-20240911034157-b74e80767704 h1:jWNwirrDONI8OnBFH2PyLGU4D023mWnvuV8rbapXJjU=
github.com/lianyun0502/shm v0.0.0-20240911034157-b74e80767704/go.mod h1:ouZ6hCLSe6P3mNZZItgxu8PWtbA8Bq/Zjr1l8o4W38k=
github.com/lianyun0502/shm v0.0.0-20240911034508-9ce02762892c h1:8TYwqg6Ug07aXaZlqZcjVkUXZBgCubUXzoUSLXJtr5A=
github.com/lianyun0502/shm v0.0.0-20240911034508-9ce02762892c/go.mod h1:ouZ6hCLSe6P3mNZZItgxu8PWtbA8Bq/Zjr1l8o4W38k=
github.com/lianyun0502/shm v0.0.0-20240911071518-8a3d3a22e44a h1:OTyZ7ZuMKzGJUSAXcXHSQFQfvIlf+hy39Am0dwXK7XE=
github.com/lianyun0502/shm v0.0.0-20240911071518-8a3d3a22e44a/go.mod h1:ouZ6hCLSe6P3mNZZItgxu8PWtbA8Bq/Zjr1l8o4W38k=
github.com/lianyun0502/shm v0.0.0-20240911081750-f753b74f1c80 h1:ns+CPNVocRca243jTvtT6klf5IDyFyiCKIauyhkLNOw=
github.com/lianyun0502/shm v0.0.0-20240911081750-f753b74f1c80/go.mod h1:ouZ6hCLSe6P3mNZZItgxu8PWtbA8Bq/Zjr1l8o4W38k=
github.com/lianyun0502/shm v0.0.0-20240911090444-102e817aa599 h1:JKwwYlx00yz/4/CVqhiJLANUlWsKOq7LgCVAKAGptwM=
github.com/lianyun0502/shm v0.0.0-20240911090444-102e817aa599/go.mod h1:ouZ6hCLSe6P3mNZZItgxu8PWtbA8Bq/Zjr1l8o4W38k=
github.com/lxzan/gws v1.8.5 h1:6x+wW3EHtoGFNeCtZP1OVZ1IHrpZZzDaEjQGg1lUJqU=
github.com/lxzan/gws v1.8.5/go.mod h1:FcGeRMB7HwGuTvMLR24ku0Zx0p6RXqeKASeMc4VYgi4=
github.com/pkg/diff v0.0.0-20210226163009-20ebb0f2a09e/go.mod h1:pJLUxLENpZxwdsKMEsNbx1VGcRFpLqf3715MtcvvzbA=
github.com/pkg/errors v0.9.1 h1:FEBLx1zS214owpjy7qsBeixbURkuhQAwrK5UwLGTwt4=
github.com/pkg/errors v0.9.1/go.mod h1:bwawxfHBFNV+L2hUp1rHADufV3IMtnDRdf1r5NINEl0=
github.com/pmezard/go-difflib v1.0.0 h1:4DBwDE0NGyQoBHbLQYPwSUPoCMWR5BEzIk/f1lZbAQM=
github.com/pmezard/go-difflib v1.0.0/go.mod h1:iKH77koFhYxTK1pcRnkKkqfTogsbg7gZNVY4sRDYZ/4=
github.com/rifflock/lfshook v0.0.0-20180920164130-b9218ef580f5 h1:mZHayPoR0lNmnHyvtYjDeq0zlVHn9K/ZXoy17ylucdo=
github.com/rifflock/lfshook v0.0.0-20180920164130-b9218ef580f5/go.mod h1:GEXHk5HgEKCvEIIrSpFI3ozzG5xOKA2DVlEX/gGnewM=
github.com/robfig/cron/v3 v3.0.1 h1:WdRxkvbJztn8LMz/QEvLN5sBU+xKpSqwwUO1Pjr4qDs=
github.com/robfig/cron/v3 v3.0.1/go.mod h1:eQICP3HwyT7UooqI/z+Ov+PtYAWygg1TEWWzGIFLtro=
github.com/rogpeppe/go-internal v1.6.1/go.mod h1:xXDCJY+GAPziupqXw64V24skbSoqbTEfhy4qGm1nDQc=
github.com/rogpeppe/go-internal v1.8.1/go.mod h1:JeRgkft04UBgHMgCIwADu4Pn6Mtm5d4nPKWu0nJ5d+o=
github.com/sirupsen/logrus v1.9.3 h1:dueUQJ1C2q9oE3F7wvmSGAaVtTmUizReu6fjN8uqzbQ=
github.com/sirupsen/logrus v1.9.3/go.mod h1:naHLuLoDiP4jHNo9R0sCBMtWGeIprob74mVsIT4qYEQ=
github.com/stretchr/objx v0.1.0/go.mod h1:HFkY916IF+rwdDfMAkV7OtwuqBVzrE8GR6GFx+wExME=
github.com/stretchr/objx v0.4.0/go.mod h1:YvHI0jy2hoMjB+UWwv71VJQ9isScKT/TqJzVSSt89Yw=
github.com/stretchr/objx v0.5.0/go.mod h1:Yh+to48EsGEfYuaHDzXPcE3xhTkx73EhmCGUpEOglKo=
github.com/stretchr/testify v1.3.0/go.mod h1:M5WIy9Dh21IEIfnGCwXGc5bZfKNJtfHm1UVUgZn+9EI=
github.com/stretchr/testify v1.7.0/go.mod h1:6Fq8oRcR53rry900zMqJjRRixrwX3KX962/h/Wwjteg=
github.com/stretchr/testify v1.7.1/go.mod h1:6Fq8oRcR53rry900zMqJjRRixrwX3KX962/h/Wwjteg=
github.com/stretchr/testify v1.8.0/go.mod h1:yNjHg4UonilssWZ8iaSj1OCr/vHnekPRkoO+kdMU+MU=
github.com/stretchr/testify v1.8.2/go.mod h1:w2LPCIKwWwSfY2zedu0+kehJoqGctiVI29o6fzry7u4=
github.com/stretchr/testify v1.9.0 h1:HtqpIVDClZ4nwg75+f6Lvsy/wHu+3BoSGCbBAcpTsTg=
github.com/stretchr/testify v1.9.0/go.mod h1:r2ic/lqez/lEtzL7wO/rwa5dbSLXVDPFyf8C91i36aY=
github.com/valyala/fastjson v1.6.4 h1:uAUNq9Z6ymTgGhcm0UynUAB6tlbakBrz6CQFax3BXVQ=
github.com/valyala/fastjson v1.6.4/go.mod h1:CLCAqky6SMuOcxStkYQvblddUtoRxhYMGLrsQns1aXY=
go.uber.org/atomic v1.9.0 h1:ECmE8Bn/WFTYwEW/bpKD3M8VtR/zQVbavAoalC1PYyE=
go.uber.org/atomic v1.9.0/go.mod h1:fEN4uk6kAWBTFdckzkM89CLk9XfWZrxpCo0nPH17wJc=
golang.org/x/sys v0.0.0-20220715151400-c0bba94af5f8/go.mod h1:oPkhp1MJrh7nUepCBck5+mAzfO9JrbApNNgaTdGDITg=
golang.org/x/sys v0.18.0 h1:DBdB3niSjOA/O0blCZBqDefyWNYveAYMNF1Wum0DYQ4=
golang.org/x/sys v0.18.0/go.mod h1:/VUhepiaJMQUp4+oa/7Zr1D23ma6VTLIYjOOTFZPUcA=
gopkg.in/check.v1 v0.0.0-20161208181325-20d25e280405 h1:yhCVgyC4o1eVCa2tZl7eS0r+SDo693bJlVdllGtEeKM=
gopkg.in/check.v1 v0.0.0-20161208181325-20d25e280405/go.mod h1:Co6ibVJAznAaIkqp8huTwlJQCZ016jof/cbN4VW5Yz0=
gopkg.in/check.v1 v1.0.0-20180628173108-788fd7840127/go.mod h1:Co6ibVJAznAaIkqp8huTwlJQCZ016jof/cbN4VW5Yz0=
gopkg.in/check.v1 v1.0.0-20201130134442-10cb98267c6c/go.mod h1:JHkPIbrfpd72SG/EVd6muEfDQjcINNoR0C8j2r3qZ4Q=
gopkg.in/errgo.v2 v2.1.0/go.mod h1:hNsd1EY+bozCKY1Ytp96fpM3vjJbqLJn88ws8XvfDNI=
gopkg.in/yaml.v3 v3.0.0-20200313102051-9f266ea9e77c/go.mod h1:K4uyk7z7BCEPqu6E+C64Yfv1cQ7kz7rIZviUmN+EgEM=
gopkg.in/yaml.v3 v3.0.1 h1:fxVm/GzAzEWqLHuvctI91KS9hhNmmWOoWu0XTYJS7CA=
gopkg.in/yaml.v3 v3.0.1/go.mod h1:K4uyk7z7BCEPqu6E+C64Yfv1cQ7kz7rIZviUmN+EgEM=
