github.com/davecgh/go-spew v1.1.0/go.mod h1:J7Y8YcW2NihsgmVo/mv3lAwl/skON4iLHjSsI+c5H38=
github.com/davecgh/go-spew v1.1.1 h1:vj9j/u1bqnvCEfJOwUhtlOARqs3+rkHYY13jYWTU97c=
github.com/davecgh/go-spew v1.1.1/go.mod h1:J7Y8YcW2NihsgmVo/mv3lAwl/skON4iLHjSsI+c5H38=
github.com/dolthub/maphash v0.1.0 h1:bsQ7JsF4FkkWyrP3oCnFJgrCUAFbFf3kOl4L/QxPDyQ=
github.com/dolthub/maphash v0.1.0/go.mod h1:gkg4Ch4CdCDu5h6PMriVLawB7koZ+5ijb9puGMV50a4=
github.com/gdygd/goshm v0.0.0-20240401061945-0c37527371fb h1:KkKkiybI0A5ZLSA6dIEVZ4qgOQbjIMPdW2V8BbVCQWA=
github.com/gdygd/goshm v0.0.0-20240401061945-0c37527371fb/go.mod h1:i5djjvkXC4r09HhdF+OUYlIncIVGCCoNGgc71KZrsBs=
github.com/google/uuid v1.6.0 h1:NIvaJDMOsjHA8n1jAhLSgzrAzy1Hgr+hNrb57e+94F0=
github.com/google/uuid v1.6.0/go.mod h1:TIyPZe4MgqvfeYDBFedMoGGpEw/LqOeaOT+nhxU+yHo=
github.com/jonboulle/clockwork v0.4.0 h1:p4Cf1aMWXnXAUh8lVfewRBx1zaTSYKrKMF2g3ST4RZ4=
github.com/jonboulle/clockwork v0.4.0/go.mod h1:xgRqUGwRcjKCO1vbZUEtSLrqKoPSsUpK7fnezOII0kc=
github.com/klauspost/compress v1.17.5 h1:d4vBd+7CHydUqpFBgUEKkSdtSugf9YFmSkvUYPquI5E=
github.com/klauspost/compress v1.17.5/go.mod h1:/dCuZOvVtNoHsyb+cuJD3itjs3NbnF6KH9zAO4BDxPM=
github.com/lestrrat-go/envload v0.0.0-20180220234015-a3eb8ddeffcc h1:RKf14vYWi2ttpEmkA4aQ3j4u9dStX2t4M8UM6qqNsG8=
github.com/lestrrat-go/envload v0.0.0-20180220234015-a3eb8ddeffcc/go.mod h1:kopuH9ugFRkIXf3YoqHKyrJ9YfUFsckUU9S7B+XP+is=
github.com/lestrrat-go/file-rotatelogs v2.4.0+incompatible h1:Y6sqxHMyB1D2YSzWkLibYKgg+SwmyFU9dF2hn6MdTj4=
github.com/lestrrat-go/file-rotatelogs v2.4.0+incompatible/go.mod h1:ZQnN8lSECaebrkQytbHj4xNgtg8CR7RYXnPok8e0EHA=
github.com/lestrrat-go/strftime v1.1.0 h1:gMESpZy44/4pXLO/m+sL0yBd1W6LjgjrrD4a68Gapyg=
github.com/lestrrat-go/strftime v1.1.0/go.mod h1:uzeIB52CeUJenCo1syghlugshMysrqUT51HlxphXVeI=
github.com/lianyun0502/exchange_conn v0.0.0-20240830021607-291f7eb628b9 h1:lBcsSAnJzaApy3IfLM0ewz2rjt+OG+VD7WLC3jYPmW8=
github.com/lianyun0502/exchange_conn v0.0.0-20240830021607-291f7eb628b9/go.mod h1:fOl0i5niW9OYGQVO1PKqFoDifXMZbeF0uzt1L4Zhg2U=
github.com/lianyun0502/exchange_conn v0.0.0-20240902023958-103f01034a9b h1:gINcyEmn2CkJdacDQid2hek7J8mVFX1Ru23JL3KewM4=
github.com/lianyun0502/exchange_conn v0.0.0-20240902023958-103f01034a9b/go.mod h1:fOl0i5niW9OYGQVO1PKqFoDifXMZbeF0uzt1L4Zhg2U=
github.com/lianyun0502/exchange_conn v0.0.0-20240902030824-ccdea08fd87d h1:MXgTiKAW8rH+B6drLGZm1voZi4L+1Jp/swpDKSRZyZo=
github.com/lianyun0502/exchange_conn v0.0.0-20240902030824-ccdea08fd87d/go.mod h1:fOl0i5niW9OYGQVO1PKqFoDifXMZbeF0uzt1L4Zhg2U=
github.com/lianyun0502/exchange_conn v0.0.0-20240902031050-4a58525822ca h1:0oHcTKXMt+4JLZNkFbdUe94Rg05WZZGDQKTOZ8cgEX0=
github.com/lianyun0502/exchange_conn v0.0.0-20240902031050-4a58525822ca/go.mod h1:fOl0i5niW9OYGQVO1PKqFoDifXMZbeF0uzt1L4Zhg2U=
github.com/lianyun0502/exchange_conn v0.0.0-20240902033235-817523ede549 h1:SE0L95qfmTRO5C2mmU0BYwzEbEIa9p2a31Qw52TPpHY=
github.com/lianyun0502/exchange_conn v0.0.0-20240902033235-817523ede549/go.mod h1:fOl0i5niW9OYGQVO1PKqFoDifXMZbeF0uzt1L4Zhg2U=
github.com/lianyun0502/exchange_conn v0.0.0-20240902035918-16a27929a8df h1:BnrieY1ZW+nCH/U4Oz/u1+1ISwJ5wMk3/Sj2cQtjP8Y=
github.com/lianyun0502/exchange_conn v0.0.0-20240902035918-16a27929a8df/go.mod h1:fOl0i5niW9OYGQVO1PKqFoDifXMZbeF0uzt1L4Zhg2U=
github.com/lianyun0502/shm v0.0.0-20240822013853-85eb2a903aea h1:zJ77FRCmjsjp7qnqYjxh4x+0Wlt+pG3jB1CcNL+L+NY=
github.com/lianyun0502/shm v0.0.0-20240822013853-85eb2a903aea/go.mod h1:6ByiyUx/u01vXm8GJoeYCCa8ip/KiNfeqH8kD9TWPKw=
github.com/lxzan/gws v1.8.5 h1:6x+wW3EHtoGFNeCtZP1OVZ1IHrpZZzDaEjQGg1lUJqU=
github.com/lxzan/gws v1.8.5/go.mod h1:FcGeRMB7HwGuTvMLR24ku0Zx0p6RXqeKASeMc4VYgi4=
github.com/pkg/errors v0.9.1 h1:FEBLx1zS214owpjy7qsBeixbURkuhQAwrK5UwLGTwt4=
github.com/pkg/errors v0.9.1/go.mod h1:bwawxfHBFNV+L2hUp1rHADufV3IMtnDRdf1r5NINEl0=
github.com/pmezard/go-difflib v1.0.0 h1:4DBwDE0NGyQoBHbLQYPwSUPoCMWR5BEzIk/f1lZbAQM=
github.com/pmezard/go-difflib v1.0.0/go.mod h1:iKH77koFhYxTK1pcRnkKkqfTogsbg7gZNVY4sRDYZ/4=
github.com/rifflock/lfshook v0.0.0-20180920164130-b9218ef580f5 h1:mZHayPoR0lNmnHyvtYjDeq0zlVHn9K/ZXoy17ylucdo=
github.com/rifflock/lfshook v0.0.0-20180920164130-b9218ef580f5/go.mod h1:GEXHk5HgEKCvEIIrSpFI3ozzG5xOKA2DVlEX/gGnewM=
github.com/sirupsen/logrus v1.9.3 h1:dueUQJ1C2q9oE3F7wvmSGAaVtTmUizReu6fjN8uqzbQ=
github.com/sirupsen/logrus v1.9.3/go.mod h1:naHLuLoDiP4jHNo9R0sCBMtWGeIprob74mVsIT4qYEQ=
github.com/stretchr/objx v0.1.0/go.mod h1:HFkY916IF+rwdDfMAkV7OtwuqBVzrE8GR6GFx+wExME=
github.com/stretchr/testify v1.7.0/go.mod h1:6Fq8oRcR53rry900zMqJjRRixrwX3KX962/h/Wwjteg=
github.com/stretchr/testify v1.9.0 h1:HtqpIVDClZ4nwg75+f6Lvsy/wHu+3BoSGCbBAcpTsTg=
github.com/stretchr/testify v1.9.0/go.mod h1:r2ic/lqez/lEtzL7wO/rwa5dbSLXVDPFyf8C91i36aY=
github.com/valyala/fastjson v1.6.4 h1:uAUNq9Z6ymTgGhcm0UynUAB6tlbakBrz6CQFax3BXVQ=
github.com/valyala/fastjson v1.6.4/go.mod h1:CLCAqky6SMuOcxStkYQvblddUtoRxhYMGLrsQns1aXY=
golang.org/x/sys v0.0.0-20220715151400-c0bba94af5f8/go.mod h1:oPkhp1MJrh7nUepCBck5+mAzfO9JrbApNNgaTdGDITg=
golang.org/x/sys v0.18.0 h1:DBdB3niSjOA/O0blCZBqDefyWNYveAYMNF1Wum0DYQ4=
golang.org/x/sys v0.18.0/go.mod h1:/VUhepiaJMQUp4+oa/7Zr1D23ma6VTLIYjOOTFZPUcA=
gopkg.in/check.v1 v0.0.0-20161208181325-20d25e280405 h1:yhCVgyC4o1eVCa2tZl7eS0r+SDo693bJlVdllGtEeKM=
gopkg.in/check.v1 v0.0.0-20161208181325-20d25e280405/go.mod h1:Co6ibVJAznAaIkqp8huTwlJQCZ016jof/cbN4VW5Yz0=
gopkg.in/yaml.v3 v3.0.0-20200313102051-9f266ea9e77c/go.mod h1:K4uyk7z7BCEPqu6E+C64Yfv1cQ7kz7rIZviUmN+EgEM=
gopkg.in/yaml.v3 v3.0.1 h1:fxVm/GzAzEWqLHuvctI91KS9hhNmmWOoWu0XTYJS7CA=
gopkg.in/yaml.v3 v3.0.1/go.mod h1:K4uyk7z7BCEPqu6E+C64Yfv1cQ7kz7rIZviUmN+EgEM=
